
Microsoft Visual Studio Solution File, Format Version 12.00
# Visual Studio Version 17
VisualStudioVersion = 17.14.36109.1
MinimumVisualStudioVersion = 10.0.40219.1
Project("{2150E333-8FDC-42A3-9474-1A3956D46DE8}") = "Api", "Api", "{02EA681E-C7D8-13C7-8484-4AC65E1B71E8}"
EndProject
Project("{FAE04EC0-301F-11D3-BF4B-00C04F79EFBC}") = "Auth.Api", "Auth.Api\Auth.Api.csproj", "{CBF1A527-B1B1-4EA5-9A0F-FD59B984C7C7}"
EndProject
Project("{2150E333-8FDC-42A3-9474-1A3956D46DE8}") = "Domain", "Domain", "{5F809EFF-C79E-49F6-B873-3D1CF150782B}"
EndProject
Project("{FAE04EC0-301F-11D3-BF4B-00C04F79EFBC}") = "Auth.Domain", "Auth.Domain\Auth.Domain.csproj", "{30B6C77F-0923-4595-94CB-95634E462A6B}"
EndProject
Project("{2150E333-8FDC-42A3-9474-1A3956D46DE8}") = "Repository", "Repository", "{59F0D0EB-01F6-4B3F-8413-0289D22CB22A}"
EndProject
Project("{FAE04EC0-301F-11D3-BF4B-00C04F79EFBC}") = "Auth.Repository", "Auth.Repository\Auth.Repository.csproj", "{E1CFDED6-2D43-4A7F-8EA1-37D27BF983AC}"
EndProject
Project("{2150E333-8FDC-42A3-9474-1A3956D46DE8}") = "Handlers", "Handlers", "{7D6D57C6-1096-450D-896C-BD768D61BB51}"
EndProject
Project("{FAE04EC0-301F-11D3-BF4B-00C04F79EFBC}") = "Auth.Command.Handler", "Auth.Command.Handler\Auth.Command.Handler.csproj", "{8DB1DC18-1308-481E-BFD1-C568C0C228FE}"
EndProject
Project("{FAE04EC0-301F-11D3-BF4B-00C04F79EFBC}") = "Auth.Query.Handler", "Auth.Query.Handler\Auth.Query.Handler.csproj", "{630C7D8B-E9B4-4317-8B2C-D8760A8FF7FE}"
EndProject
Project("{2150E333-8FDC-42A3-9474-1A3956D46DE8}") = "Messages", "Messages", "{3B23BC7D-CBEB-48A7-B008-95595C4C398C}"
EndProject
Project("{FAE04EC0-301F-11D3-BF4B-00C04F79EFBC}") = "Auth.Command", "Auth.Command\Auth.Command.csproj", "{99F84FD6-CA71-4F26-B183-9F3BF9B0D81F}"
EndProject
Project("{FAE04EC0-301F-11D3-BF4B-00C04F79EFBC}") = "Auth.Query", "Auth.Query\Auth.Query.csproj", "{C941FE5D-DB2C-447D-9AF9-E8D45F9C5604}"
EndProject
Project("{2150E333-8FDC-42A3-9474-1A3956D46DE8}") = "Infrastractures", "Infrastractures", "{D7A300B2-E45B-4577-A817-5ED84F7EF4E8}"
EndProject
Project("{FAE04EC0-301F-11D3-BF4B-00C04F79EFBC}") = "Auth.Infrastracture", "Auth.Infrastracture\Auth.Infrastracture.csproj", "{13BBD46B-D3C7-4552-B9F8-EF4034CD6CBB}"
EndProject
Global
	GlobalSection(SolutionConfigurationPlatforms) = preSolution
		Debug|Any CPU = Debug|Any CPU
		Release|Any CPU = Release|Any CPU
	EndGlobalSection
	GlobalSection(ProjectConfigurationPlatforms) = postSolution
		{CBF1A527-B1B1-4EA5-9A0F-FD59B984C7C7}.Debug|Any CPU.ActiveCfg = Debug|Any CPU
		{CBF1A527-B1B1-4EA5-9A0F-FD59B984C7C7}.Debug|Any CPU.Build.0 = Debug|Any CPU
		{CBF1A527-B1B1-4EA5-9A0F-FD59B984C7C7}.Release|Any CPU.ActiveCfg = Release|Any CPU
		{CBF1A527-B1B1-4EA5-9A0F-FD59B984C7C7}.Release|Any CPU.Build.0 = Release|Any CPU
		{30B6C77F-0923-4595-94CB-95634E462A6B}.Debug|Any CPU.ActiveCfg = Debug|Any CPU
		{30B6C77F-0923-4595-94CB-95634E462A6B}.Debug|Any CPU.Build.0 = Debug|Any CPU
		{30B6C77F-0923-4595-94CB-95634E462A6B}.Release|Any CPU.ActiveCfg = Release|Any CPU
		{30B6C77F-0923-4595-94CB-95634E462A6B}.Release|Any CPU.Build.0 = Release|Any CPU
		{E1CFDED6-2D43-4A7F-8EA1-37D27BF983AC}.Debug|Any CPU.ActiveCfg = Debug|Any CPU
		{E1CFDED6-2D43-4A7F-8EA1-37D27BF983AC}.Debug|Any CPU.Build.0 = Debug|Any CPU
		{E1CFDED6-2D43-4A7F-8EA1-37D27BF983AC}.Release|Any CPU.ActiveCfg = Release|Any CPU
		{E1CFDED6-2D43-4A7F-8EA1-37D27BF983AC}.Release|Any CPU.Build.0 = Release|Any CPU
		{8DB1DC18-1308-481E-BFD1-C568C0C228FE}.Debug|Any CPU.ActiveCfg = Debug|Any CPU
		{8DB1DC18-1308-481E-BFD1-C568C0C228FE}.Debug|Any CPU.Build.0 = Debug|Any CPU
		{8DB1DC18-1308-481E-BFD1-C568C0C228FE}.Release|Any CPU.ActiveCfg = Release|Any CPU
		{8DB1DC18-1308-481E-BFD1-C568C0C228FE}.Release|Any CPU.Build.0 = Release|Any CPU
		{630C7D8B-E9B4-4317-8B2C-D8760A8FF7FE}.Debug|Any CPU.ActiveCfg = Debug|Any CPU
		{630C7D8B-E9B4-4317-8B2C-D8760A8FF7FE}.Debug|Any CPU.Build.0 = Debug|Any CPU
		{630C7D8B-E9B4-4317-8B2C-D8760A8FF7FE}.Release|Any CPU.ActiveCfg = Release|Any CPU
		{630C7D8B-E9B4-4317-8B2C-D8760A8FF7FE}.Release|Any CPU.Build.0 = Release|Any CPU
		{99F84FD6-CA71-4F26-B183-9F3BF9B0D81F}.Debug|Any CPU.ActiveCfg = Debug|Any CPU
		{99F84FD6-CA71-4F26-B183-9F3BF9B0D81F}.Debug|Any CPU.Build.0 = Debug|Any CPU
		{99F84FD6-CA71-4F26-B183-9F3BF9B0D81F}.Release|Any CPU.ActiveCfg = Release|Any CPU
		{99F84FD6-CA71-4F26-B183-9F3BF9B0D81F}.Release|Any CPU.Build.0 = Release|Any CPU
		{C941FE5D-DB2C-447D-9AF9-E8D45F9C5604}.Debug|Any CPU.ActiveCfg = Debug|Any CPU
		{C941FE5D-DB2C-447D-9AF9-E8D45F9C5604}.Debug|Any CPU.Build.0 = Debug|Any CPU
		{C941FE5D-DB2C-447D-9AF9-E8D45F9C5604}.Release|Any CPU.ActiveCfg = Release|Any CPU
		{C941FE5D-DB2C-447D-9AF9-E8D45F9C5604}.Release|Any CPU.Build.0 = Release|Any CPU
		{13BBD46B-D3C7-4552-B9F8-EF4034CD6CBB}.Debug|Any CPU.ActiveCfg = Debug|Any CPU
		{13BBD46B-D3C7-4552-B9F8-EF4034CD6CBB}.Debug|Any CPU.Build.0 = Debug|Any CPU
		{13BBD46B-D3C7-4552-B9F8-EF4034CD6CBB}.Release|Any CPU.ActiveCfg = Release|Any CPU
		{13BBD46B-D3C7-4552-B9F8-EF4034CD6CBB}.Release|Any CPU.Build.0 = Release|Any CPU
	EndGlobalSection
	GlobalSection(SolutionProperties) = preSolution
		HideSolutionNode = FALSE
	EndGlobalSection
	GlobalSection(NestedProjects) = preSolution
		{CBF1A527-B1B1-4EA5-9A0F-FD59B984C7C7} = {02EA681E-C7D8-13C7-8484-4AC65E1B71E8}
		{30B6C77F-0923-4595-94CB-95634E462A6B} = {5F809EFF-C79E-49F6-B873-3D1CF150782B}
		{E1CFDED6-2D43-4A7F-8EA1-37D27BF983AC} = {59F0D0EB-01F6-4B3F-8413-0289D22CB22A}
		{8DB1DC18-1308-481E-BFD1-C568C0C228FE} = {7D6D57C6-1096-450D-896C-BD768D61BB51}
		{630C7D8B-E9B4-4317-8B2C-D8760A8FF7FE} = {7D6D57C6-1096-450D-896C-BD768D61BB51}
		{99F84FD6-CA71-4F26-B183-9F3BF9B0D81F} = {3B23BC7D-CBEB-48A7-B008-95595C4C398C}
		{C941FE5D-DB2C-447D-9AF9-E8D45F9C5604} = {3B23BC7D-CBEB-48A7-B008-95595C4C398C}
		{13BBD46B-D3C7-4552-B9F8-EF4034CD6CBB} = {D7A300B2-E45B-4577-A817-5ED84F7EF4E8}
	EndGlobalSection
	GlobalSection(ExtensibilityGlobals) = postSolution
		SolutionGuid = {4EF688DC-9066-40F5-92AB-68F54E8A1D04}
	EndGlobalSection
EndGlobal
